
Microsoft Visual Studio Solution File, Format Version 12.00
# Visual Studio Version 17
VisualStudioVersion = 17.9.34607.119
MinimumVisualStudioVersion = 10.0.40219.1
Project("{9A19103F-16F7-4668-BE54-9A1E7A4F7556}") = "01_Presentation_Front", "Presentation\01_Presentation_Front.csproj", "{8784CFB6-97AA-404D-9335-878398864431}"
EndProject
Project("{9A19103F-16F7-4668-BE54-9A1E7A4F7556}") = "02_Application", "Application\02_Application.csproj", "{DF9B95AB-3502-4950-A9EF-CF43D603BC53}"
EndProject
Project("{9A19103F-16F7-4668-BE54-9A1E7A4F7556}") = "04_Infraestructure", "Infraestructure\04_Infraestructure.csproj", "{519126FB-3624-42A8-9CBA-982363E4400F}"
EndProject
Project("{9A19103F-16F7-4668-BE54-9A1E7A4F7556}") = "03_Domain", "Domain\03_Domain.csproj", "{94B7BC6B-660A-406C-BB80-B966B7BA9357}"
EndProject
Project("{FAE04EC0-301F-11D3-BF4B-00C04F79EFBC}") = "01_Presentation_API", "Presentation_API\01_Presentation_API.csproj", "{BAC746BD-C5A5-4EC6-AE45-308C5C49A109}"
EndProject
Global
	GlobalSection(SolutionConfigurationPlatforms) = preSolution
		Debug|Any CPU = Debug|Any CPU
		Release|Any CPU = Release|Any CPU
	EndGlobalSection
	GlobalSection(ProjectConfigurationPlatforms) = postSolution
		{8784CFB6-97AA-404D-9335-878398864431}.Debug|Any CPU.ActiveCfg = Debug|Any CPU
		{8784CFB6-97AA-404D-9335-878398864431}.Debug|Any CPU.Build.0 = Debug|Any CPU
		{8784CFB6-97AA-404D-9335-878398864431}.Release|Any CPU.ActiveCfg = Release|Any CPU
		{8784CFB6-97AA-404D-9335-878398864431}.Release|Any CPU.Build.0 = Release|Any CPU
		{DF9B95AB-3502-4950-A9EF-CF43D603BC53}.Debug|Any CPU.ActiveCfg = Debug|Any CPU
		{DF9B95AB-3502-4950-A9EF-CF43D603BC53}.Debug|Any CPU.Build.0 = Debug|Any CPU
		{DF9B95AB-3502-4950-A9EF-CF43D603BC53}.Release|Any CPU.ActiveCfg = Release|Any CPU
		{DF9B95AB-3502-4950-A9EF-CF43D603BC53}.Release|Any CPU.Build.0 = Release|Any CPU
		{519126FB-3624-42A8-9CBA-982363E4400F}.Debug|Any CPU.ActiveCfg = Debug|Any CPU
		{519126FB-3624-42A8-9CBA-982363E4400F}.Debug|Any CPU.Build.0 = Debug|Any CPU
		{519126FB-3624-42A8-9CBA-982363E4400F}.Release|Any CPU.ActiveCfg = Release|Any CPU
		{519126FB-3624-42A8-9CBA-982363E4400F}.Release|Any CPU.Build.0 = Release|Any CPU
		{94B7BC6B-660A-406C-BB80-B966B7BA9357}.Debug|Any CPU.ActiveCfg = Debug|Any CPU
		{94B7BC6B-660A-406C-BB80-B966B7BA9357}.Debug|Any CPU.Build.0 = Debug|Any CPU
		{94B7BC6B-660A-406C-BB80-B966B7BA9357}.Release|Any CPU.ActiveCfg = Release|Any CPU
		{94B7BC6B-660A-406C-BB80-B966B7BA9357}.Release|Any CPU.Build.0 = Release|Any CPU
		{BAC746BD-C5A5-4EC6-AE45-308C5C49A109}.Debug|Any CPU.ActiveCfg = Debug|Any CPU
		{BAC746BD-C5A5-4EC6-AE45-308C5C49A109}.Debug|Any CPU.Build.0 = Debug|Any CPU
		{BAC746BD-C5A5-4EC6-AE45-308C5C49A109}.Release|Any CPU.ActiveCfg = Release|Any CPU
		{BAC746BD-C5A5-4EC6-AE45-308C5C49A109}.Release|Any CPU.Build.0 = Release|Any CPU
	EndGlobalSection
	GlobalSection(SolutionProperties) = preSolution
		HideSolutionNode = FALSE
	EndGlobalSection
	GlobalSection(ExtensibilityGlobals) = postSolution
		SolutionGuid = {7651641D-F216-40E0-8D70-259B08AD24C8}
	EndGlobalSection
EndGlobal
